
Microsoft Visual Studio Solution File, Format Version 12.00
# Visual Studio Version 17
VisualStudioVersion = 17.4.33205.214
MinimumVisualStudioVersion = 10.0.40219.1
Project("{FAE04EC0-301F-11D3-BF4B-00C04F79EFBC}") = "DSIRLogic", "DSIRLogic\DSIRLogic.csproj", "{A73C7CF4-D6DE-4F82-9CCB-3649A849DC23}"
EndProject
Global
	GlobalSection(SolutionConfigurationPlatforms) = preSolution
		Debug|Any CPU = Debug|Any CPU
		Release|Any CPU = Release|Any CPU
	EndGlobalSection
	GlobalSection(ProjectConfigurationPlatforms) = postSolution
		{A73C7CF4-D6DE-4F82-9CCB-3649A849DC23}.Debug|Any CPU.ActiveCfg = Debug|Any CPU
		{A73C7CF4-D6DE-4F82-9CCB-3649A849DC23}.Debug|Any CPU.Build.0 = Debug|Any CPU
		{A73C7CF4-D6DE-4F82-9CCB-3649A849DC23}.Release|Any CPU.ActiveCfg = Release|Any CPU
		{A73C7CF4-D6DE-4F82-9CCB-3649A849DC23}.Release|Any CPU.Build.0 = Release|Any CPU
	EndGlobalSection
	GlobalSection(SolutionProperties) = preSolution
		HideSolutionNode = FALSE
	EndGlobalSection
	GlobalSection(ExtensibilityGlobals) = postSolution
		SolutionGuid = {37F098D1-CC64-4840-AD9B-B43B3F5507DC}
	EndGlobalSection
EndGlobal
